
Microsoft Visual Studio Solution File, Format Version 12.00
# Visual Studio Version 17
VisualStudioVersion = 17.8.34408.163
MinimumVisualStudioVersion = 10.0.40219.1
Project("{9A19103F-16F7-4668-BE54-9A1E7A4F7556}") = "RavirajSanjay_LB_M295_V1", "RavirajSanjay_LB_M295_V1\RavirajSanjay_LB_M295_V1.csproj", "{60A623A2-D20D-4B4E-8609-054F92A29CC6}"
EndProject
Project("{2150E333-8FDC-42A3-9474-1A3956D46DE8}") = "Projektmappenelemente", "Projektmappenelemente", "{04466A04-C23B-4284-B006-CBD7A3EFFDCE}"
	ProjectSection(SolutionItems) = preProject
		RuleSet1.ruleset = RuleSet1.ruleset
	EndProjectSection
EndProject
Global
	GlobalSection(SolutionConfigurationPlatforms) = preSolution
		Debug|Any CPU = Debug|Any CPU
		Release|Any CPU = Release|Any CPU
	EndGlobalSection
	GlobalSection(ProjectConfigurationPlatforms) = postSolution
		{60A623A2-D20D-4B4E-8609-054F92A29CC6}.Debug|Any CPU.ActiveCfg = Debug|Any CPU
		{60A623A2-D20D-4B4E-8609-054F92A29CC6}.Debug|Any CPU.Build.0 = Debug|Any CPU
		{60A623A2-D20D-4B4E-8609-054F92A29CC6}.Release|Any CPU.ActiveCfg = Release|Any CPU
		{60A623A2-D20D-4B4E-8609-054F92A29CC6}.Release|Any CPU.Build.0 = Release|Any CPU
	EndGlobalSection
	GlobalSection(SolutionProperties) = preSolution
		HideSolutionNode = FALSE
	EndGlobalSection
	GlobalSection(ExtensibilityGlobals) = postSolution
		SolutionGuid = {37ABCC12-FCFE-4C3D-94BB-1513A1AFF6FB}
	EndGlobalSection
EndGlobal
